
Microsoft Visual Studio Solution File, Format Version 12.00
# Visual Studio Version 17
VisualStudioVersion = 17.1.32210.238
MinimumVisualStudioVersion = 10.0.40219.1
Project("{FAE04EC0-301F-11D3-BF4B-00C04F79EFBC}") = "DM-automaton", "DM-automaton.csproj", "{56762976-FAE5-489F-8EA7-19A38E4ACEB4}"
EndProject
Global
	GlobalSection(SolutionConfigurationPlatforms) = preSolution
		Debug|Any CPU = Debug|Any CPU
		Release|Any CPU = Release|Any CPU
	EndGlobalSection
	GlobalSection(ProjectConfigurationPlatforms) = postSolution
		{56762976-FAE5-489F-8EA7-19A38E4ACEB4}.Debug|Any CPU.ActiveCfg = Debug|Any CPU
		{56762976-FAE5-489F-8EA7-19A38E4ACEB4}.Debug|Any CPU.Build.0 = Debug|Any CPU
		{56762976-FAE5-489F-8EA7-19A38E4ACEB4}.Release|Any CPU.ActiveCfg = Release|Any CPU
		{56762976-FAE5-489F-8EA7-19A38E4ACEB4}.Release|Any CPU.Build.0 = Release|Any CPU
	EndGlobalSection
	GlobalSection(SolutionProperties) = preSolution
		HideSolutionNode = FALSE
	EndGlobalSection
	GlobalSection(ExtensibilityGlobals) = postSolution
		SolutionGuid = {99A598A7-DAC6-4B85-A1BF-B48CC92AB4D7}
	EndGlobalSection
EndGlobal
